
Microsoft Visual Studio Solution File, Format Version 12.00
# Visual Studio Version 17
VisualStudioVersion = 17.6.33815.320
MinimumVisualStudioVersion = 10.0.40219.1
Project("{FAE04EC0-301F-11D3-BF4B-00C04F79EFBC}") = "Shellsort", "Shellsort.csproj", "{A752323D-6C6F-40DB-81DE-684E5563144C}"
EndProject
Global
	GlobalSection(SolutionConfigurationPlatforms) = preSolution
		Debug|Any CPU = Debug|Any CPU
		Release|Any CPU = Release|Any CPU
	EndGlobalSection
	GlobalSection(ProjectConfigurationPlatforms) = postSolution
		{A752323D-6C6F-40DB-81DE-684E5563144C}.Debug|Any CPU.ActiveCfg = Debug|Any CPU
		{A752323D-6C6F-40DB-81DE-684E5563144C}.Debug|Any CPU.Build.0 = Debug|Any CPU
		{A752323D-6C6F-40DB-81DE-684E5563144C}.Release|Any CPU.ActiveCfg = Release|Any CPU
		{A752323D-6C6F-40DB-81DE-684E5563144C}.Release|Any CPU.Build.0 = Release|Any CPU
	EndGlobalSection
	GlobalSection(SolutionProperties) = preSolution
		HideSolutionNode = FALSE
	EndGlobalSection
	GlobalSection(ExtensibilityGlobals) = postSolution
		SolutionGuid = {6DBAF4E3-36AC-4AEA-A2E0-E9C4CF25BB89}
	EndGlobalSection
EndGlobal
